<?xml version="1.0" encoding="utf-8"?>
<Project ToolsVersion="4.0" xmlns="http://schemas.microsoft.com/developer/msbuild/2003">
  <ItemGroup>
    <Filter Include="ソース ファイル">
      <UniqueIdentifier>{4FC737F1-C7A5-4376-A066-2A32D752A2FF}</UniqueIdentifier>
      <Extensions>cpp;c;cc;cxx;c++;cppm;ixx;def;odl;idl;hpj;bat;asm;asmx</Extensions>
    </Filter>
    <Filter Include="ヘッダー ファイル">
      <UniqueIdentifier>{93995380-89BD-4b04-88EB-625FBE52EBFB}</UniqueIdentifier>
      <Extensions>h;hh;hpp;hxx;h++;hm;inl;inc;ipp;xsd</Extensions>
    </Filter>
    <Filter Include="リソース ファイル">
      <UniqueIdentifier>{67DA6AB6-F800-4c08-8B7A-83BB121AAD01}</UniqueIdentifier>
      <Extensions>rc;ico;cur;bmp;dlg;rc2;rct;bin;rgs;gif;jpg;jpeg;jpe;resx;tiff;tif;png;wav;mfcribbon-ms</Extensions>
    </Filter>
    <Filter Include="window">
      <UniqueIdentifier>{5c1ed8e2-5c98-44ac-9493-2ea49ac6f1bd}</UniqueIdentifier>
    </Filter>
    <Filter Include="entry">
      <UniqueIdentifier>{c8d60b10-cc10-4e35-a4fd-dd2228cfafc8}</UniqueIdentifier>
    </Filter>
    <Filter Include="DirectX">
      <UniqueIdentifier>{390c73d0-4791-41f3-87cf-be03a2af7f33}</UniqueIdentifier>
    </Filter>
    <Filter Include="Polygon">
      <UniqueIdentifier>{ff579f60-a2da-4c0b-a050-9f9289daa0c5}</UniqueIdentifier>
    </Filter>
  </ItemGroup>
  <ItemGroup>
    <ClCompile Include="window\window.cpp">
      <Filter>window</Filter>
    </ClCompile>
    <ClCompile Include="entry\App.cpp">
      <Filter>entry</Filter>
    </ClCompile>
    <ClCompile Include="DirectX\CommandQueue.cpp">
      <Filter>DirectX</Filter>
    </ClCompile>
    <ClCompile Include="DirectX\Device.cpp">
      <Filter>DirectX</Filter>
    </ClCompile>
    <ClCompile Include="DirectX\DXGI.cpp">
      <Filter>DirectX</Filter>
    </ClCompile>
    <ClCompile Include="DirectX\SwapChain.cpp">
      <Filter>DirectX</Filter>
    </ClCompile>
    <ClCompile Include="DirectX\RenderTarget.cpp">
      <Filter>DirectX</Filter>
    </ClCompile>
    <ClCompile Include="DirectX\CommandAllocator.cpp">
      <Filter>DirectX</Filter>
    </ClCompile>
    <ClCompile Include="DirectX\CommandList.cpp">
      <Filter>DirectX</Filter>
    </ClCompile>
    <ClCompile Include="DirectX\Descripter_Heap.cpp">
      <Filter>DirectX</Filter>
    </ClCompile>
    <ClCompile Include="DirectX\Fence.cpp">
      <Filter>DirectX</Filter>
    </ClCompile>
    <ClCompile Include="DirectX\Pipline_state.cpp">
      <Filter>DirectX</Filter>
    </ClCompile>
    <ClCompile Include="DirectX\Root_signature.cpp">
      <Filter>DirectX</Filter>
    </ClCompile>
    <ClCompile Include="polygon\Drow_Polygon.cpp">
      <Filter>Polygon</Filter>
    </ClCompile>
    <ClCompile Include="DirectX\CompileShader.cpp">
      <Filter>DirectX</Filter>
    </ClCompile>
    <ClCompile Include="polygon\Draw_Switch.cpp">
      <Filter>Polygon</Filter>
    </ClCompile>
  </ItemGroup>
  <ItemGroup>
    <ClInclude Include="window\window.h">
      <Filter>window</Filter>
    </ClInclude>
    <ClInclude Include="DirectX\CommandQueue.h">
      <Filter>DirectX</Filter>
    </ClInclude>
    <ClInclude Include="DirectX\Device.h">
      <Filter>DirectX</Filter>
    </ClInclude>
    <ClInclude Include="DirectX\DXGI.h">
      <Filter>DirectX</Filter>
    </ClInclude>
    <ClInclude Include="DirectX\SwapChain.h">
      <Filter>DirectX</Filter>
    </ClInclude>
    <ClInclude Include="DirectX\Fence.h">
      <Filter>DirectX</Filter>
    </ClInclude>
    <ClInclude Include="DirectX\RenderTarget.h">
      <Filter>DirectX</Filter>
    </ClInclude>
    <ClInclude Include="DirectX\CommandAllocator.h">
      <Filter>DirectX</Filter>
    </ClInclude>
    <ClInclude Include="DirectX\CommandList.h">
      <Filter>DirectX</Filter>
    </ClInclude>
    <ClInclude Include="DirectX\Descripter_Heap.h">
      <Filter>DirectX</Filter>
    </ClInclude>
    <ClInclude Include="DirectX\Pipline_state.h">
      <Filter>DirectX</Filter>
    </ClInclude>
    <ClInclude Include="DirectX\Root_signature.h">
      <Filter>DirectX</Filter>
    </ClInclude>
    <ClInclude Include="polygon\Drow_Polygon.h">
      <Filter>Polygon</Filter>
    </ClInclude>
    <ClInclude Include="DirectX\CompileShader.h">
      <Filter>DirectX</Filter>
    </ClInclude>
  </ItemGroup>
</Project>